
Microsoft Visual Studio Solution File, Format Version 12.00
# Visual Studio Version 16
VisualStudioVersion = 16.0.30804.86
MinimumVisualStudioVersion = 10.0.40219.1
Project("{FAE04EC0-301F-11D3-BF4B-00C04F79EFBC}") = "BlobStorageDemo", "BlobStorageDemo.csproj", "{5C6ADDDA-B1E8-4811-99A3-45698BFC54D7}"
EndProject
Global
	GlobalSection(SolutionConfigurationPlatforms) = preSolution
		Debug|Any CPU = Debug|Any CPU
		Release|Any CPU = Release|Any CPU
	EndGlobalSection
	GlobalSection(ProjectConfigurationPlatforms) = postSolution
		{5C6ADDDA-B1E8-4811-99A3-45698BFC54D7}.Debug|Any CPU.ActiveCfg = Debug|Any CPU
		{5C6ADDDA-B1E8-4811-99A3-45698BFC54D7}.Debug|Any CPU.Build.0 = Debug|Any CPU
		{5C6ADDDA-B1E8-4811-99A3-45698BFC54D7}.Release|Any CPU.ActiveCfg = Release|Any CPU
		{5C6ADDDA-B1E8-4811-99A3-45698BFC54D7}.Release|Any CPU.Build.0 = Release|Any CPU
	EndGlobalSection
	GlobalSection(SolutionProperties) = preSolution
		HideSolutionNode = FALSE
	EndGlobalSection
	GlobalSection(ExtensibilityGlobals) = postSolution
		SolutionGuid = {4BFF3B27-0644-4751-ABC0-F5FB41BE9616}
	EndGlobalSection
EndGlobal
